
Microsoft Visual Studio Solution File, Format Version 12.00
# Visual Studio 15
VisualStudioVersion = 15.0.26124.0
MinimumVisualStudioVersion = 15.0.26124.0
Project("{FAE04EC0-301F-11D3-BF4B-00C04F79EFBC}") = "API", "API\API.csproj", "{85BB0E6E-A873-4039-A446-B9EBF5961806}"
EndProject
Project("{FAE04EC0-301F-11D3-BF4B-00C04F79EFBC}") = "Core", "Core\Core.csproj", "{CC2D08AF-E57F-477E-A445-D9835887A2EB}"
EndProject
Project("{FAE04EC0-301F-11D3-BF4B-00C04F79EFBC}") = "Middleware", "Middleware\Middleware.csproj", "{B1F71253-2DD9-4C3D-9FE8-50E8F5B84335}"
EndProject
Global
	GlobalSection(SolutionConfigurationPlatforms) = preSolution
		Debug|Any CPU = Debug|Any CPU
		Debug|x64 = Debug|x64
		Debug|x86 = Debug|x86
		Release|Any CPU = Release|Any CPU
		Release|x64 = Release|x64
		Release|x86 = Release|x86
	EndGlobalSection
	GlobalSection(SolutionProperties) = preSolution
		HideSolutionNode = FALSE
	EndGlobalSection
	GlobalSection(ProjectConfigurationPlatforms) = postSolution
		{85BB0E6E-A873-4039-A446-B9EBF5961806}.Debug|Any CPU.ActiveCfg = Debug|Any CPU
		{85BB0E6E-A873-4039-A446-B9EBF5961806}.Debug|Any CPU.Build.0 = Debug|Any CPU
		{85BB0E6E-A873-4039-A446-B9EBF5961806}.Debug|x64.ActiveCfg = Debug|Any CPU
		{85BB0E6E-A873-4039-A446-B9EBF5961806}.Debug|x64.Build.0 = Debug|Any CPU
		{85BB0E6E-A873-4039-A446-B9EBF5961806}.Debug|x86.ActiveCfg = Debug|Any CPU
		{85BB0E6E-A873-4039-A446-B9EBF5961806}.Debug|x86.Build.0 = Debug|Any CPU
		{85BB0E6E-A873-4039-A446-B9EBF5961806}.Release|Any CPU.ActiveCfg = Release|Any CPU
		{85BB0E6E-A873-4039-A446-B9EBF5961806}.Release|Any CPU.Build.0 = Release|Any CPU
		{85BB0E6E-A873-4039-A446-B9EBF5961806}.Release|x64.ActiveCfg = Release|Any CPU
		{85BB0E6E-A873-4039-A446-B9EBF5961806}.Release|x64.Build.0 = Release|Any CPU
		{85BB0E6E-A873-4039-A446-B9EBF5961806}.Release|x86.ActiveCfg = Release|Any CPU
		{85BB0E6E-A873-4039-A446-B9EBF5961806}.Release|x86.Build.0 = Release|Any CPU
		{CC2D08AF-E57F-477E-A445-D9835887A2EB}.Debug|Any CPU.ActiveCfg = Debug|Any CPU
		{CC2D08AF-E57F-477E-A445-D9835887A2EB}.Debug|Any CPU.Build.0 = Debug|Any CPU
		{CC2D08AF-E57F-477E-A445-D9835887A2EB}.Debug|x64.ActiveCfg = Debug|Any CPU
		{CC2D08AF-E57F-477E-A445-D9835887A2EB}.Debug|x64.Build.0 = Debug|Any CPU
		{CC2D08AF-E57F-477E-A445-D9835887A2EB}.Debug|x86.ActiveCfg = Debug|Any CPU
		{CC2D08AF-E57F-477E-A445-D9835887A2EB}.Debug|x86.Build.0 = Debug|Any CPU
		{CC2D08AF-E57F-477E-A445-D9835887A2EB}.Release|Any CPU.ActiveCfg = Release|Any CPU
		{CC2D08AF-E57F-477E-A445-D9835887A2EB}.Release|Any CPU.Build.0 = Release|Any CPU
		{CC2D08AF-E57F-477E-A445-D9835887A2EB}.Release|x64.ActiveCfg = Release|Any CPU
		{CC2D08AF-E57F-477E-A445-D9835887A2EB}.Release|x64.Build.0 = Release|Any CPU
		{CC2D08AF-E57F-477E-A445-D9835887A2EB}.Release|x86.ActiveCfg = Release|Any CPU
		{CC2D08AF-E57F-477E-A445-D9835887A2EB}.Release|x86.Build.0 = Release|Any CPU
		{B1F71253-2DD9-4C3D-9FE8-50E8F5B84335}.Debug|Any CPU.ActiveCfg = Debug|Any CPU
		{B1F71253-2DD9-4C3D-9FE8-50E8F5B84335}.Debug|Any CPU.Build.0 = Debug|Any CPU
		{B1F71253-2DD9-4C3D-9FE8-50E8F5B84335}.Debug|x64.ActiveCfg = Debug|Any CPU
		{B1F71253-2DD9-4C3D-9FE8-50E8F5B84335}.Debug|x64.Build.0 = Debug|Any CPU
		{B1F71253-2DD9-4C3D-9FE8-50E8F5B84335}.Debug|x86.ActiveCfg = Debug|Any CPU
		{B1F71253-2DD9-4C3D-9FE8-50E8F5B84335}.Debug|x86.Build.0 = Debug|Any CPU
		{B1F71253-2DD9-4C3D-9FE8-50E8F5B84335}.Release|Any CPU.ActiveCfg = Release|Any CPU
		{B1F71253-2DD9-4C3D-9FE8-50E8F5B84335}.Release|Any CPU.Build.0 = Release|Any CPU
		{B1F71253-2DD9-4C3D-9FE8-50E8F5B84335}.Release|x64.ActiveCfg = Release|Any CPU
		{B1F71253-2DD9-4C3D-9FE8-50E8F5B84335}.Release|x64.Build.0 = Release|Any CPU
		{B1F71253-2DD9-4C3D-9FE8-50E8F5B84335}.Release|x86.ActiveCfg = Release|Any CPU
		{B1F71253-2DD9-4C3D-9FE8-50E8F5B84335}.Release|x86.Build.0 = Release|Any CPU
	EndGlobalSection
EndGlobal
